
Microsoft Visual Studio Solution File, Format Version 12.00
# Visual Studio 2013
VisualStudioVersion = 12.0.30501.0
MinimumVisualStudioVersion = 10.0.40219.1
Project("{FAE04EC0-301F-11D3-BF4B-00C04F79EFBC}") = "WaveIO-Main", "WaveIO-Main\WaveIO-Main.csproj", "{703A2AB3-E2C3-40DD-9A03-6742E26840AA}"
EndProject
Project("{2150E333-8FDC-42A3-9474-1A3956D46DE8}") = "Solution Items", "Solution Items", "{12840757-CCE7-4478-A436-5595C2976311}"
EndProject
Project("{FAE04EC0-301F-11D3-BF4B-00C04F79EFBC}") = "UserControlLibrary", "UserControlLibrary\UserControlLibrary.csproj", "{B6B3FBA6-C2A0-4A07-A737-09D166536C03}"
EndProject
Project("{FAE04EC0-301F-11D3-BF4B-00C04F79EFBC}") = "UnitTest", "DuyUnitTest\UnitTest.csproj", "{381A670D-566F-4623-A161-54353023CF8D}"
EndProject
Project("{FAE04EC0-301F-11D3-BF4B-00C04F79EFBC}") = "Sandbox", "Sandbox\Sandbox.csproj", "{C3F52EE4-9878-46E5-AFD9-2366B38E1944}"
EndProject
Global
	GlobalSection(TeamFoundationVersionControl) = preSolution
		SccNumberOfProjects = 5
		SccEnterpriseProvider = {4CA58AB2-18FA-4F8D-95D4-32DDF27D184C}
		SccTeamFoundationServer = https://askho.visualstudio.com/defaultcollection
		SccLocalPath0 = .
		SccProjectUniqueName1 = WaveIO-Main\\WaveIO-Main.csproj
		SccProjectName1 = WaveIO-Main
		SccLocalPath1 = WaveIO-Main
		SccProjectUniqueName2 = UserControlLibrary\\UserControlLibrary.csproj
		SccProjectName2 = UserControlLibrary
		SccLocalPath2 = UserControlLibrary
		SccProjectUniqueName3 = DuyUnitTest\\UnitTest.csproj
		SccProjectName3 = DuyUnitTest
		SccLocalPath3 = DuyUnitTest
		SccProjectUniqueName4 = Sandbox\\Sandbox.csproj
		SccProjectName4 = Sandbox
		SccLocalPath4 = Sandbox
	EndGlobalSection
	GlobalSection(SolutionConfigurationPlatforms) = preSolution
		Debug|Any CPU = Debug|Any CPU
		Release|Any CPU = Release|Any CPU
	EndGlobalSection
	GlobalSection(ProjectConfigurationPlatforms) = postSolution
		{703A2AB3-E2C3-40DD-9A03-6742E26840AA}.Debug|Any CPU.ActiveCfg = Debug|Any CPU
		{703A2AB3-E2C3-40DD-9A03-6742E26840AA}.Debug|Any CPU.Build.0 = Debug|Any CPU
		{703A2AB3-E2C3-40DD-9A03-6742E26840AA}.Release|Any CPU.ActiveCfg = Release|Any CPU
		{703A2AB3-E2C3-40DD-9A03-6742E26840AA}.Release|Any CPU.Build.0 = Release|Any CPU
		{B6B3FBA6-C2A0-4A07-A737-09D166536C03}.Debug|Any CPU.ActiveCfg = Debug|Any CPU
		{B6B3FBA6-C2A0-4A07-A737-09D166536C03}.Debug|Any CPU.Build.0 = Debug|Any CPU
		{B6B3FBA6-C2A0-4A07-A737-09D166536C03}.Release|Any CPU.ActiveCfg = Release|Any CPU
		{B6B3FBA6-C2A0-4A07-A737-09D166536C03}.Release|Any CPU.Build.0 = Release|Any CPU
		{381A670D-566F-4623-A161-54353023CF8D}.Debug|Any CPU.ActiveCfg = Debug|Any CPU
		{381A670D-566F-4623-A161-54353023CF8D}.Debug|Any CPU.Build.0 = Debug|Any CPU
		{381A670D-566F-4623-A161-54353023CF8D}.Release|Any CPU.ActiveCfg = Release|Any CPU
		{381A670D-566F-4623-A161-54353023CF8D}.Release|Any CPU.Build.0 = Release|Any CPU
		{C3F52EE4-9878-46E5-AFD9-2366B38E1944}.Debug|Any CPU.ActiveCfg = Debug|Any CPU
		{C3F52EE4-9878-46E5-AFD9-2366B38E1944}.Debug|Any CPU.Build.0 = Debug|Any CPU
		{C3F52EE4-9878-46E5-AFD9-2366B38E1944}.Release|Any CPU.ActiveCfg = Release|Any CPU
		{C3F52EE4-9878-46E5-AFD9-2366B38E1944}.Release|Any CPU.Build.0 = Release|Any CPU
	EndGlobalSection
	GlobalSection(SolutionProperties) = preSolution
		HideSolutionNode = FALSE
	EndGlobalSection
EndGlobal
